
Microsoft Visual Studio Solution File, Format Version 12.00
# Visual Studio Version 16
VisualStudioVersion = 16.0.30406.217
MinimumVisualStudioVersion = 10.0.40219.1
Project("{FAE04EC0-301F-11D3-BF4B-00C04F79EFBC}") = "00_面向对象", "11_5_代码\00_面向对象.csproj", "{690F47B7-22ED-4880-B6BB-2BB93C7AE778}"
EndProject
Project("{FAE04EC0-301F-11D3-BF4B-00C04F79EFBC}") = "01_Object类型", "01_Object类型\01_Object类型.csproj", "{D04062B0-EC4F-4986-804A-F459F4995228}"
EndProject
Project("{FAE04EC0-301F-11D3-BF4B-00C04F79EFBC}") = "02_对象的比较", "02_对象的比较\02_对象的比较.csproj", "{54100082-CA7D-4FA9-91F9-7BAE55FBA560}"
EndProject
Project("{FAE04EC0-301F-11D3-BF4B-00C04F79EFBC}") = "03_常量字段", "03_常量字段\03_常量字段.csproj", "{DA1A59B7-5491-45E5-94D7-EF5BEFFD280A}"
EndProject
Project("{FAE04EC0-301F-11D3-BF4B-00C04F79EFBC}") = "04_只读字段", "04_只读字段\04_只读字段.csproj", "{E060CBBB-61FC-4264-B8ED-5F754799AFA1}"
EndProject
Project("{FAE04EC0-301F-11D3-BF4B-00C04F79EFBC}") = "05_方法", "05_方法\05_方法.csproj", "{B1EB3063-4EC3-499C-9A88-0AAB919625B9}"
EndProject
Project("{FAE04EC0-301F-11D3-BF4B-00C04F79EFBC}") = "06_基于表达式声明方法", "06_基于表达式声明方法\06_基于表达式声明方法.csproj", "{CE3974AA-15D2-476D-8820-4887D37EBDB5}"
EndProject
Project("{FAE04EC0-301F-11D3-BF4B-00C04F79EFBC}") = "07_方法的参数列表", "07_方法的参数列表\07_方法的参数列表.csproj", "{B354C579-2219-4835-9DC9-5B339788D631}"
EndProject
Project("{FAE04EC0-301F-11D3-BF4B-00C04F79EFBC}") = "08_out参数", "08_out参数\08_out参数.csproj", "{FCFA59C4-1DD0-45BE-BC6B-DC1802F13B8B}"
EndProject
Project("{FAE04EC0-301F-11D3-BF4B-00C04F79EFBC}") = "09_可选参数", "09_可选参数\09_可选参数.csproj", "{7067F642-BD99-45C3-9790-117CF9AB99E5}"
EndProject
Global
	GlobalSection(SolutionConfigurationPlatforms) = preSolution
		Debug|Any CPU = Debug|Any CPU
		Release|Any CPU = Release|Any CPU
	EndGlobalSection
	GlobalSection(ProjectConfigurationPlatforms) = postSolution
		{690F47B7-22ED-4880-B6BB-2BB93C7AE778}.Debug|Any CPU.ActiveCfg = Debug|Any CPU
		{690F47B7-22ED-4880-B6BB-2BB93C7AE778}.Debug|Any CPU.Build.0 = Debug|Any CPU
		{690F47B7-22ED-4880-B6BB-2BB93C7AE778}.Release|Any CPU.ActiveCfg = Release|Any CPU
		{690F47B7-22ED-4880-B6BB-2BB93C7AE778}.Release|Any CPU.Build.0 = Release|Any CPU
		{D04062B0-EC4F-4986-804A-F459F4995228}.Debug|Any CPU.ActiveCfg = Debug|Any CPU
		{D04062B0-EC4F-4986-804A-F459F4995228}.Debug|Any CPU.Build.0 = Debug|Any CPU
		{D04062B0-EC4F-4986-804A-F459F4995228}.Release|Any CPU.ActiveCfg = Release|Any CPU
		{D04062B0-EC4F-4986-804A-F459F4995228}.Release|Any CPU.Build.0 = Release|Any CPU
		{54100082-CA7D-4FA9-91F9-7BAE55FBA560}.Debug|Any CPU.ActiveCfg = Debug|Any CPU
		{54100082-CA7D-4FA9-91F9-7BAE55FBA560}.Debug|Any CPU.Build.0 = Debug|Any CPU
		{54100082-CA7D-4FA9-91F9-7BAE55FBA560}.Release|Any CPU.ActiveCfg = Release|Any CPU
		{54100082-CA7D-4FA9-91F9-7BAE55FBA560}.Release|Any CPU.Build.0 = Release|Any CPU
		{DA1A59B7-5491-45E5-94D7-EF5BEFFD280A}.Debug|Any CPU.ActiveCfg = Debug|Any CPU
		{DA1A59B7-5491-45E5-94D7-EF5BEFFD280A}.Debug|Any CPU.Build.0 = Debug|Any CPU
		{DA1A59B7-5491-45E5-94D7-EF5BEFFD280A}.Release|Any CPU.ActiveCfg = Release|Any CPU
		{DA1A59B7-5491-45E5-94D7-EF5BEFFD280A}.Release|Any CPU.Build.0 = Release|Any CPU
		{E060CBBB-61FC-4264-B8ED-5F754799AFA1}.Debug|Any CPU.ActiveCfg = Debug|Any CPU
		{E060CBBB-61FC-4264-B8ED-5F754799AFA1}.Debug|Any CPU.Build.0 = Debug|Any CPU
		{E060CBBB-61FC-4264-B8ED-5F754799AFA1}.Release|Any CPU.ActiveCfg = Release|Any CPU
		{E060CBBB-61FC-4264-B8ED-5F754799AFA1}.Release|Any CPU.Build.0 = Release|Any CPU
		{B1EB3063-4EC3-499C-9A88-0AAB919625B9}.Debug|Any CPU.ActiveCfg = Debug|Any CPU
		{B1EB3063-4EC3-499C-9A88-0AAB919625B9}.Debug|Any CPU.Build.0 = Debug|Any CPU
		{B1EB3063-4EC3-499C-9A88-0AAB919625B9}.Release|Any CPU.ActiveCfg = Release|Any CPU
		{B1EB3063-4EC3-499C-9A88-0AAB919625B9}.Release|Any CPU.Build.0 = Release|Any CPU
		{CE3974AA-15D2-476D-8820-4887D37EBDB5}.Debug|Any CPU.ActiveCfg = Debug|Any CPU
		{CE3974AA-15D2-476D-8820-4887D37EBDB5}.Debug|Any CPU.Build.0 = Debug|Any CPU
		{CE3974AA-15D2-476D-8820-4887D37EBDB5}.Release|Any CPU.ActiveCfg = Release|Any CPU
		{CE3974AA-15D2-476D-8820-4887D37EBDB5}.Release|Any CPU.Build.0 = Release|Any CPU
		{B354C579-2219-4835-9DC9-5B339788D631}.Debug|Any CPU.ActiveCfg = Debug|Any CPU
		{B354C579-2219-4835-9DC9-5B339788D631}.Debug|Any CPU.Build.0 = Debug|Any CPU
		{B354C579-2219-4835-9DC9-5B339788D631}.Release|Any CPU.ActiveCfg = Release|Any CPU
		{B354C579-2219-4835-9DC9-5B339788D631}.Release|Any CPU.Build.0 = Release|Any CPU
		{FCFA59C4-1DD0-45BE-BC6B-DC1802F13B8B}.Debug|Any CPU.ActiveCfg = Debug|Any CPU
		{FCFA59C4-1DD0-45BE-BC6B-DC1802F13B8B}.Debug|Any CPU.Build.0 = Debug|Any CPU
		{FCFA59C4-1DD0-45BE-BC6B-DC1802F13B8B}.Release|Any CPU.ActiveCfg = Release|Any CPU
		{FCFA59C4-1DD0-45BE-BC6B-DC1802F13B8B}.Release|Any CPU.Build.0 = Release|Any CPU
		{7067F642-BD99-45C3-9790-117CF9AB99E5}.Debug|Any CPU.ActiveCfg = Debug|Any CPU
		{7067F642-BD99-45C3-9790-117CF9AB99E5}.Debug|Any CPU.Build.0 = Debug|Any CPU
		{7067F642-BD99-45C3-9790-117CF9AB99E5}.Release|Any CPU.ActiveCfg = Release|Any CPU
		{7067F642-BD99-45C3-9790-117CF9AB99E5}.Release|Any CPU.Build.0 = Release|Any CPU
	EndGlobalSection
	GlobalSection(SolutionProperties) = preSolution
		HideSolutionNode = FALSE
	EndGlobalSection
	GlobalSection(ExtensibilityGlobals) = postSolution
		SolutionGuid = {793747D1-BB8A-4546-B657-E968F3DE3DA1}
	EndGlobalSection
EndGlobal
